
Microsoft Visual Studio Solution File, Format Version 12.00
# Visual Studio Version 16
VisualStudioVersion = 16.0.31424.327
MinimumVisualStudioVersion = 10.0.40219.1
Project("{FAE04EC0-301F-11D3-BF4B-00C04F79EFBC}") = "ScanExercise", "ScanExercise\ScanExercise.csproj", "{3B6C663B-B220-4F9A-9559-F80AB99C63AA}"
EndProject
Global
	GlobalSection(SolutionConfigurationPlatforms) = preSolution
		Debug|Any CPU = Debug|Any CPU
		Release|Any CPU = Release|Any CPU
	EndGlobalSection
	GlobalSection(ProjectConfigurationPlatforms) = postSolution
		{3B6C663B-B220-4F9A-9559-F80AB99C63AA}.Debug|Any CPU.ActiveCfg = Debug|Any CPU
		{3B6C663B-B220-4F9A-9559-F80AB99C63AA}.Debug|Any CPU.Build.0 = Debug|Any CPU
		{3B6C663B-B220-4F9A-9559-F80AB99C63AA}.Release|Any CPU.ActiveCfg = Release|Any CPU
		{3B6C663B-B220-4F9A-9559-F80AB99C63AA}.Release|Any CPU.Build.0 = Release|Any CPU
	EndGlobalSection
	GlobalSection(SolutionProperties) = preSolution
		HideSolutionNode = FALSE
	EndGlobalSection
	GlobalSection(ExtensibilityGlobals) = postSolution
		SolutionGuid = {0CE0F5AA-ACCF-4B8A-A8E2-EB903397EB79}
	EndGlobalSection
EndGlobal
