
Microsoft Visual Studio Solution File, Format Version 12.00
# Visual Studio Version 16
VisualStudioVersion = 16.0.31321.278
MinimumVisualStudioVersion = 10.0.40219.1
Project("{9A19103F-16F7-4668-BE54-9A1E7A4F7556}") = "AsynchronicProgramming", "AsynchronicProgramming\AsynchronicProgramming.csproj", "{A82439AB-CD87-499E-AD23-AE9895AAAFBD}"
EndProject
Project("{FAE04EC0-301F-11D3-BF4B-00C04F79EFBC}") = "AsynchronicException", "AsynchronicException\AsynchronicException.csproj", "{3E0A0A3A-000B-48AF-93D8-8FF8C65BBD5C}"
EndProject
Global
	GlobalSection(SolutionConfigurationPlatforms) = preSolution
		Debug|Any CPU = Debug|Any CPU
		Release|Any CPU = Release|Any CPU
	EndGlobalSection
	GlobalSection(ProjectConfigurationPlatforms) = postSolution
		{A82439AB-CD87-499E-AD23-AE9895AAAFBD}.Debug|Any CPU.ActiveCfg = Debug|Any CPU
		{A82439AB-CD87-499E-AD23-AE9895AAAFBD}.Debug|Any CPU.Build.0 = Debug|Any CPU
		{A82439AB-CD87-499E-AD23-AE9895AAAFBD}.Release|Any CPU.ActiveCfg = Release|Any CPU
		{A82439AB-CD87-499E-AD23-AE9895AAAFBD}.Release|Any CPU.Build.0 = Release|Any CPU
		{3E0A0A3A-000B-48AF-93D8-8FF8C65BBD5C}.Debug|Any CPU.ActiveCfg = Debug|Any CPU
		{3E0A0A3A-000B-48AF-93D8-8FF8C65BBD5C}.Debug|Any CPU.Build.0 = Debug|Any CPU
		{3E0A0A3A-000B-48AF-93D8-8FF8C65BBD5C}.Release|Any CPU.ActiveCfg = Release|Any CPU
		{3E0A0A3A-000B-48AF-93D8-8FF8C65BBD5C}.Release|Any CPU.Build.0 = Release|Any CPU
	EndGlobalSection
	GlobalSection(SolutionProperties) = preSolution
		HideSolutionNode = FALSE
	EndGlobalSection
	GlobalSection(ExtensibilityGlobals) = postSolution
		SolutionGuid = {D377308B-8C3E-4C97-9E1F-FE1BFFFA8E44}
	EndGlobalSection
EndGlobal
