
Microsoft Visual Studio Solution File, Format Version 12.00
# Visual Studio Version 16
VisualStudioVersion = 16.0.31424.327
MinimumVisualStudioVersion = 10.0.40219.1
Project("{FAE04EC0-301F-11D3-BF4B-00C04F79EFBC}") = "DisposingFiles", "DisposingFiles\DisposingFiles.csproj", "{659A3ABF-1477-46DE-A999-30ACFD072986}"
EndProject
Global
	GlobalSection(SolutionConfigurationPlatforms) = preSolution
		Debug|Any CPU = Debug|Any CPU
		Release|Any CPU = Release|Any CPU
	EndGlobalSection
	GlobalSection(ProjectConfigurationPlatforms) = postSolution
		{659A3ABF-1477-46DE-A999-30ACFD072986}.Debug|Any CPU.ActiveCfg = Debug|Any CPU
		{659A3ABF-1477-46DE-A999-30ACFD072986}.Debug|Any CPU.Build.0 = Debug|Any CPU
		{659A3ABF-1477-46DE-A999-30ACFD072986}.Release|Any CPU.ActiveCfg = Release|Any CPU
		{659A3ABF-1477-46DE-A999-30ACFD072986}.Release|Any CPU.Build.0 = Release|Any CPU
	EndGlobalSection
	GlobalSection(SolutionProperties) = preSolution
		HideSolutionNode = FALSE
	EndGlobalSection
	GlobalSection(ExtensibilityGlobals) = postSolution
		SolutionGuid = {2DF35D87-AA3F-43EA-8F65-F84083D51636}
	EndGlobalSection
EndGlobal
