
Microsoft Visual Studio Solution File, Format Version 12.00
# Visual Studio Version 16
VisualStudioVersion = 16.0.31424.327
MinimumVisualStudioVersion = 10.0.40219.1
Project("{FAE04EC0-301F-11D3-BF4B-00C04F79EFBC}") = "DateReservation", "DateReservation\DateReservation.csproj", "{2ED61675-5DB4-4159-8DC2-3E725851E09D}"
EndProject
Global
	GlobalSection(SolutionConfigurationPlatforms) = preSolution
		Debug|Any CPU = Debug|Any CPU
		Release|Any CPU = Release|Any CPU
	EndGlobalSection
	GlobalSection(ProjectConfigurationPlatforms) = postSolution
		{2ED61675-5DB4-4159-8DC2-3E725851E09D}.Debug|Any CPU.ActiveCfg = Debug|Any CPU
		{2ED61675-5DB4-4159-8DC2-3E725851E09D}.Debug|Any CPU.Build.0 = Debug|Any CPU
		{2ED61675-5DB4-4159-8DC2-3E725851E09D}.Release|Any CPU.ActiveCfg = Release|Any CPU
		{2ED61675-5DB4-4159-8DC2-3E725851E09D}.Release|Any CPU.Build.0 = Release|Any CPU
	EndGlobalSection
	GlobalSection(SolutionProperties) = preSolution
		HideSolutionNode = FALSE
	EndGlobalSection
	GlobalSection(ExtensibilityGlobals) = postSolution
		SolutionGuid = {E1774334-B469-452F-BDC8-6FC7168CB211}
	EndGlobalSection
EndGlobal
