
Microsoft Visual Studio Solution File, Format Version 12.00
# Visual Studio Version 16
VisualStudioVersion = 16.0.31321.278
MinimumVisualStudioVersion = 10.0.40219.1
Project("{FAE04EC0-301F-11D3-BF4B-00C04F79EFBC}") = "Exercise2", "Exercise2\Exercise2.csproj", "{04E0451F-43C2-46A9-99C5-6D44AAAFE133}"
EndProject
Global
	GlobalSection(SolutionConfigurationPlatforms) = preSolution
		Debug|Any CPU = Debug|Any CPU
		Release|Any CPU = Release|Any CPU
	EndGlobalSection
	GlobalSection(ProjectConfigurationPlatforms) = postSolution
		{04E0451F-43C2-46A9-99C5-6D44AAAFE133}.Debug|Any CPU.ActiveCfg = Debug|Any CPU
		{04E0451F-43C2-46A9-99C5-6D44AAAFE133}.Debug|Any CPU.Build.0 = Debug|Any CPU
		{04E0451F-43C2-46A9-99C5-6D44AAAFE133}.Release|Any CPU.ActiveCfg = Release|Any CPU
		{04E0451F-43C2-46A9-99C5-6D44AAAFE133}.Release|Any CPU.Build.0 = Release|Any CPU
	EndGlobalSection
	GlobalSection(SolutionProperties) = preSolution
		HideSolutionNode = FALSE
	EndGlobalSection
	GlobalSection(ExtensibilityGlobals) = postSolution
		SolutionGuid = {DE73CC65-3BB4-4F28-A1F9-5BAB946D6799}
	EndGlobalSection
EndGlobal
