
Microsoft Visual Studio Solution File, Format Version 12.00
# Visual Studio Version 16
VisualStudioVersion = 16.0.31321.278
MinimumVisualStudioVersion = 10.0.40219.1
Project("{FAE04EC0-301F-11D3-BF4B-00C04F79EFBC}") = "RefAndOut", "RefAndOut\RefAndOut.csproj", "{5F524EAE-78A7-4242-A861-BA9FD6487E0A}"
EndProject
Global
	GlobalSection(SolutionConfigurationPlatforms) = preSolution
		Debug|Any CPU = Debug|Any CPU
		Release|Any CPU = Release|Any CPU
	EndGlobalSection
	GlobalSection(ProjectConfigurationPlatforms) = postSolution
		{5F524EAE-78A7-4242-A861-BA9FD6487E0A}.Debug|Any CPU.ActiveCfg = Debug|Any CPU
		{5F524EAE-78A7-4242-A861-BA9FD6487E0A}.Debug|Any CPU.Build.0 = Debug|Any CPU
		{5F524EAE-78A7-4242-A861-BA9FD6487E0A}.Release|Any CPU.ActiveCfg = Release|Any CPU
		{5F524EAE-78A7-4242-A861-BA9FD6487E0A}.Release|Any CPU.Build.0 = Release|Any CPU
	EndGlobalSection
	GlobalSection(SolutionProperties) = preSolution
		HideSolutionNode = FALSE
	EndGlobalSection
	GlobalSection(ExtensibilityGlobals) = postSolution
		SolutionGuid = {33CEFA54-9B14-431F-8227-B9612A282545}
	EndGlobalSection
EndGlobal
